
Microsoft Visual Studio Solution File, Format Version 12.00
# Visual Studio Version 16
VisualStudioVersion = 16.0.31605.320
MinimumVisualStudioVersion = 10.0.40219.1
Project("{FAE04EC0-301F-11D3-BF4B-00C04F79EFBC}") = "Course", "Course\Course.csproj", "{9B5C35FF-EFB3-4384-9B9D-D9D3CDD69AB8}"
EndProject
Global
	GlobalSection(SolutionConfigurationPlatforms) = preSolution
		Debug|Any CPU = Debug|Any CPU
		Release|Any CPU = Release|Any CPU
	EndGlobalSection
	GlobalSection(ProjectConfigurationPlatforms) = postSolution
		{9B5C35FF-EFB3-4384-9B9D-D9D3CDD69AB8}.Debug|Any CPU.ActiveCfg = Debug|Any CPU
		{9B5C35FF-EFB3-4384-9B9D-D9D3CDD69AB8}.Debug|Any CPU.Build.0 = Debug|Any CPU
		{9B5C35FF-EFB3-4384-9B9D-D9D3CDD69AB8}.Release|Any CPU.ActiveCfg = Release|Any CPU
		{9B5C35FF-EFB3-4384-9B9D-D9D3CDD69AB8}.Release|Any CPU.Build.0 = Release|Any CPU
	EndGlobalSection
	GlobalSection(SolutionProperties) = preSolution
		HideSolutionNode = FALSE
	EndGlobalSection
	GlobalSection(ExtensibilityGlobals) = postSolution
		SolutionGuid = {CCFECFD1-CDDB-4B70-A983-4666A606F2D0}
	EndGlobalSection
EndGlobal
